// !$*UTF8*$!
{
	archiveVersion = 1;
	classes = {
	};
	objectVersion = 56;
	objects = {

/* Begin PBXBuildFile section */
		3523AB3E2982D1B500320053 /* AppDelegate.swift in Sources */ = {isa = PBXBuildFile; fileRef = 3523AB3D2982D1B500320053 /* AppDelegate.swift */; };
		3523AB402982D1B500320053 /* SceneDelegate.swift in Sources */ = {isa = PBXBuildFile; fileRef = 3523AB3F2982D1B500320053 /* SceneDelegate.swift */; };
		3523AB422982D1B500320053 /* RMTabBarController.swift in Sources */ = {isa = PBXBuildFile; fileRef = 3523AB412982D1B500320053 /* RMTabBarController.swift */; };
		3523AB472982D1B700320053 /* Assets.xcassets in Resources */ = {isa = PBXBuildFile; fileRef = 3523AB462982D1B700320053 /* Assets.xcassets */; };
		3523AB4A2982D1B700320053 /* LaunchScreen.storyboard in Resources */ = {isa = PBXBuildFile; fileRef = 3523AB482982D1B700320053 /* LaunchScreen.storyboard */; };
		3523AB592982D47B00320053 /* RMLocation.swift in Sources */ = {isa = PBXBuildFile; fileRef = 3523AB582982D47A00320053 /* RMLocation.swift */; };
		3523AB5B2982D48F00320053 /* RMCharacter.swift in Sources */ = {isa = PBXBuildFile; fileRef = 3523AB5A2982D48F00320053 /* RMCharacter.swift */; };
		3523AB5D2982D49800320053 /* RMEpisode.swift in Sources */ = {isa = PBXBuildFile; fileRef = 3523AB5C2982D49800320053 /* RMEpisode.swift */; };
		3523AB602982D57D00320053 /* RMCharacterViewController.swift in Sources */ = {isa = PBXBuildFile; fileRef = 3523AB5F2982D57D00320053 /* RMCharacterViewController.swift */; };
		3523AB622982D59800320053 /* RMLocationViewController.swift in Sources */ = {isa = PBXBuildFile; fileRef = 3523AB612982D59800320053 /* RMLocationViewController.swift */; };
		3523AB652982D5BF00320053 /* RMSettingsViewController.swift in Sources */ = {isa = PBXBuildFile; fileRef = 3523AB642982D5BF00320053 /* RMSettingsViewController.swift */; };
		3523AB672982D5D100320053 /* RMEpisodeViewController.swift in Sources */ = {isa = PBXBuildFile; fileRef = 3523AB662982D5D100320053 /* RMEpisodeViewController.swift */; };
		35ABF1EE2983960C009A5334 /* RMService.swift in Sources */ = {isa = PBXBuildFile; fileRef = 35ABF1ED2983960C009A5334 /* RMService.swift */; };
		35ABF1F029839620009A5334 /* RMRequest.swift in Sources */ = {isa = PBXBuildFile; fileRef = 35ABF1EF29839620009A5334 /* RMRequest.swift */; };
		35ABF1F229839637009A5334 /* RMEndPoint.swift in Sources */ = {isa = PBXBuildFile; fileRef = 35ABF1F129839637009A5334 /* RMEndPoint.swift */; };
/* End PBXBuildFile section */

/* Begin PBXFileReference section */
		3523AB3A2982D1B500320053 /* RickAndMorty.app */ = {isa = PBXFileReference; explicitFileType = wrapper.application; includeInIndex = 0; path = RickAndMorty.app; sourceTree = BUILT_PRODUCTS_DIR; };
		3523AB3D2982D1B500320053 /* AppDelegate.swift */ = {isa = PBXFileReference; lastKnownFileType = sourcecode.swift; path = AppDelegate.swift; sourceTree = "<group>"; };
		3523AB3F2982D1B500320053 /* SceneDelegate.swift */ = {isa = PBXFileReference; lastKnownFileType = sourcecode.swift; path = SceneDelegate.swift; sourceTree = "<group>"; };
		3523AB412982D1B500320053 /* RMTabBarController.swift */ = {isa = PBXFileReference; lastKnownFileType = sourcecode.swift; path = RMTabBarController.swift; sourceTree = "<group>"; };
		3523AB462982D1B700320053 /* Assets.xcassets */ = {isa = PBXFileReference; lastKnownFileType = folder.assetcatalog; path = Assets.xcassets; sourceTree = "<group>"; };
		3523AB492982D1B700320053 /* Base */ = {isa = PBXFileReference; lastKnownFileType = file.storyboard; name = Base; path = Base.lproj/LaunchScreen.storyboard; sourceTree = "<group>"; };
		3523AB4B2982D1B700320053 /* Info.plist */ = {isa = PBXFileReference; lastKnownFileType = text.plist.xml; path = Info.plist; sourceTree = "<group>"; };
		3523AB582982D47A00320053 /* RMLocation.swift */ = {isa = PBXFileReference; lastKnownFileType = sourcecode.swift; path = RMLocation.swift; sourceTree = "<group>"; };
		3523AB5A2982D48F00320053 /* RMCharacter.swift */ = {isa = PBXFileReference; lastKnownFileType = sourcecode.swift; path = RMCharacter.swift; sourceTree = "<group>"; };
		3523AB5C2982D49800320053 /* RMEpisode.swift */ = {isa = PBXFileReference; lastKnownFileType = sourcecode.swift; path = RMEpisode.swift; sourceTree = "<group>"; };
		3523AB5F2982D57D00320053 /* RMCharacterViewController.swift */ = {isa = PBXFileReference; lastKnownFileType = sourcecode.swift; path = RMCharacterViewController.swift; sourceTree = "<group>"; };
		3523AB612982D59800320053 /* RMLocationViewController.swift */ = {isa = PBXFileReference; lastKnownFileType = sourcecode.swift; path = RMLocationViewController.swift; sourceTree = "<group>"; };
		3523AB642982D5BF00320053 /* RMSettingsViewController.swift */ = {isa = PBXFileReference; lastKnownFileType = sourcecode.swift; path = RMSettingsViewController.swift; sourceTree = "<group>"; };
		3523AB662982D5D100320053 /* RMEpisodeViewController.swift */ = {isa = PBXFileReference; lastKnownFileType = sourcecode.swift; path = RMEpisodeViewController.swift; sourceTree = "<group>"; };
		35ABF1ED2983960C009A5334 /* RMService.swift */ = {isa = PBXFileReference; lastKnownFileType = sourcecode.swift; path = RMService.swift; sourceTree = "<group>"; };
		35ABF1EF29839620009A5334 /* RMRequest.swift */ = {isa = PBXFileReference; lastKnownFileType = sourcecode.swift; path = RMRequest.swift; sourceTree = "<group>"; };
		35ABF1F129839637009A5334 /* RMEndPoint.swift */ = {isa = PBXFileReference; lastKnownFileType = sourcecode.swift; path = RMEndPoint.swift; sourceTree = "<group>"; };
/* End PBXFileReference section */

/* Begin PBXFrameworksBuildPhase section */
		3523AB372982D1B500320053 /* Frameworks */ = {
			isa = PBXFrameworksBuildPhase;
			buildActionMask = 2147483647;
			files = (
			);
			runOnlyForDeploymentPostprocessing = 0;
		};
/* End PBXFrameworksBuildPhase section */

/* Begin PBXGroup section */
		3523AB312982D1B500320053 = {
			isa = PBXGroup;
			children = (
				3523AB3C2982D1B500320053 /* RickAndMorty */,
				3523AB3B2982D1B500320053 /* Products */,
			);
			sourceTree = "<group>";
		};
		3523AB3B2982D1B500320053 /* Products */ = {
			isa = PBXGroup;
			children = (
				3523AB3A2982D1B500320053 /* RickAndMorty.app */,
			);
			name = Products;
			sourceTree = "<group>";
		};
		3523AB3C2982D1B500320053 /* RickAndMorty */ = {
			isa = PBXGroup;
			children = (
				3523AB572982D3AD00320053 /* Resources */,
				3523AB562982D3A400320053 /* Managers */,
				3523AB552982D39A00320053 /* APIClient */,
				3523AB542982D39100320053 /* ViewModels */,
				3523AB532982D38D00320053 /* Views */,
				3523AB522982D38400320053 /* Models */,
				3523AB512982D37E00320053 /* Controllers */,
				3523AB4B2982D1B700320053 /* Info.plist */,
			);
			path = RickAndMorty;
			sourceTree = "<group>";
		};
		3523AB512982D37E00320053 /* Controllers */ = {
			isa = PBXGroup;
			children = (
				3523AB5E2982D53F00320053 /* Core */,
			);
			path = Controllers;
			sourceTree = "<group>";
		};
		3523AB522982D38400320053 /* Models */ = {
			isa = PBXGroup;
			children = (
				3523AB582982D47A00320053 /* RMLocation.swift */,
				3523AB5A2982D48F00320053 /* RMCharacter.swift */,
				3523AB5C2982D49800320053 /* RMEpisode.swift */,
			);
			path = Models;
			sourceTree = "<group>";
		};
		3523AB532982D38D00320053 /* Views */ = {
			isa = PBXGroup;
			children = (
			);
			path = Views;
			sourceTree = "<group>";
		};
		3523AB542982D39100320053 /* ViewModels */ = {
			isa = PBXGroup;
			children = (
			);
			path = ViewModels;
			sourceTree = "<group>";
		};
		3523AB552982D39A00320053 /* APIClient */ = {
			isa = PBXGroup;
			children = (
				35ABF1ED2983960C009A5334 /* RMService.swift */,
				35ABF1EF29839620009A5334 /* RMRequest.swift */,
				35ABF1F129839637009A5334 /* RMEndPoint.swift */,
			);
			path = APIClient;
			sourceTree = "<group>";
		};
		3523AB562982D3A400320053 /* Managers */ = {
			isa = PBXGroup;
			children = (
			);
			path = Managers;
			sourceTree = "<group>";
		};
		3523AB572982D3AD00320053 /* Resources */ = {
			isa = PBXGroup;
			children = (
				3523AB462982D1B700320053 /* Assets.xcassets */,
				3523AB482982D1B700320053 /* LaunchScreen.storyboard */,
				3523AB3D2982D1B500320053 /* AppDelegate.swift */,
				3523AB3F2982D1B500320053 /* SceneDelegate.swift */,
			);
			path = Resources;
			sourceTree = "<group>";
		};
		3523AB5E2982D53F00320053 /* Core */ = {
			isa = PBXGroup;
			children = (
				3523AB412982D1B500320053 /* RMTabBarController.swift */,
				3523AB5F2982D57D00320053 /* RMCharacterViewController.swift */,
				3523AB612982D59800320053 /* RMLocationViewController.swift */,
				3523AB662982D5D100320053 /* RMEpisodeViewController.swift */,
				3523AB642982D5BF00320053 /* RMSettingsViewController.swift */,
			);
			path = Core;
			sourceTree = "<group>";
		};
/* End PBXGroup section */

/* Begin PBXNativeTarget section */
		3523AB392982D1B500320053 /* RickAndMorty */ = {
			isa = PBXNativeTarget;
			buildConfigurationList = 3523AB4E2982D1B700320053 /* Build configuration list for PBXNativeTarget "RickAndMorty" */;
			buildPhases = (
				3523AB362982D1B500320053 /* Sources */,
				3523AB372982D1B500320053 /* Frameworks */,
				3523AB382982D1B500320053 /* Resources */,
			);
			buildRules = (
			);
			dependencies = (
			);
			name = RickAndMorty;
			productName = RickAndMorty;
			productReference = 3523AB3A2982D1B500320053 /* RickAndMorty.app */;
			productType = "com.apple.product-type.application";
		};
/* End PBXNativeTarget section */

/* Begin PBXProject section */
		3523AB322982D1B500320053 /* Project object */ = {
			isa = PBXProject;
			attributes = {
				BuildIndependentTargetsInParallel = 1;
				LastSwiftUpdateCheck = 1420;
				LastUpgradeCheck = 1420;
				TargetAttributes = {
					3523AB392982D1B500320053 = {
						CreatedOnToolsVersion = 14.2;
					};
				};
			};
			buildConfigurationList = 3523AB352982D1B500320053 /* Build configuration list for PBXProject "RickAndMorty" */;
			compatibilityVersion = "Xcode 14.0";
			developmentRegion = en;
			hasScannedForEncodings = 0;
			knownRegions = (
				en,
				Base,
			);
			mainGroup = 3523AB312982D1B500320053;
			productRefGroup = 3523AB3B2982D1B500320053 /* Products */;
			projectDirPath = "";
			projectRoot = "";
			targets = (
				3523AB392982D1B500320053 /* RickAndMorty */,
			);
		};
/* End PBXProject section */

/* Begin PBXResourcesBuildPhase section */
		3523AB382982D1B500320053 /* Resources */ = {
			isa = PBXResourcesBuildPhase;
			buildActionMask = 2147483647;
			files = (
				3523AB4A2982D1B700320053 /* LaunchScreen.storyboard in Resources */,
				3523AB472982D1B700320053 /* Assets.xcassets in Resources */,
			);
			runOnlyForDeploymentPostprocessing = 0;
		};
/* End PBXResourcesBuildPhase section */

/* Begin PBXSourcesBuildPhase section */
		3523AB362982D1B500320053 /* Sources */ = {
			isa = PBXSourcesBuildPhase;
			buildActionMask = 2147483647;
			files = (
				3523AB652982D5BF00320053 /* RMSettingsViewController.swift in Sources */,
				3523AB622982D59800320053 /* RMLocationViewController.swift in Sources */,
				3523AB5D2982D49800320053 /* RMEpisode.swift in Sources */,
				3523AB672982D5D100320053 /* RMEpisodeViewController.swift in Sources */,
				3523AB422982D1B500320053 /* RMTabBarController.swift in Sources */,
				3523AB3E2982D1B500320053 /* AppDelegate.swift in Sources */,
				3523AB402982D1B500320053 /* SceneDelegate.swift in Sources */,
				35ABF1F229839637009A5334 /* RMEndPoint.swift in Sources */,
				35ABF1EE2983960C009A5334 /* RMService.swift in Sources */,
				3523AB592982D47B00320053 /* RMLocation.swift in Sources */,
				3523AB5B2982D48F00320053 /* RMCharacter.swift in Sources */,
				35ABF1F029839620009A5334 /* RMRequest.swift in Sources */,
				3523AB602982D57D00320053 /* RMCharacterViewController.swift in Sources */,
			);
			runOnlyForDeploymentPostprocessing = 0;
		};
/* End PBXSourcesBuildPhase section */

/* Begin PBXVariantGroup section */
		3523AB482982D1B700320053 /* LaunchScreen.storyboard */ = {
			isa = PBXVariantGroup;
			children = (
				3523AB492982D1B700320053 /* Base */,
			);
			name = LaunchScreen.storyboard;
			sourceTree = "<group>";
		};
/* End PBXVariantGroup section */

/* Begin XCBuildConfiguration section */
		3523AB4C2982D1B700320053 /* Debug */ = {
			isa = XCBuildConfiguration;
			buildSettings = {
				ALWAYS_SEARCH_USER_PATHS = NO;
				CLANG_ANALYZER_NONNULL = YES;
				CLANG_ANALYZER_NUMBER_OBJECT_CONVERSION = YES_AGGRESSIVE;
				CLANG_CXX_LANGUAGE_STANDARD = "gnu++20";
				CLANG_ENABLE_MODULES = YES;
				CLANG_ENABLE_OBJC_ARC = YES;
				CLANG_ENABLE_OBJC_WEAK = YES;
				CLANG_WARN_BLOCK_CAPTURE_AUTORELEASING = YES;
				CLANG_WARN_BOOL_CONVERSION = YES;
				CLANG_WARN_COMMA = YES;
				CLANG_WARN_CONSTANT_CONVERSION = YES;
				CLANG_WARN_DEPRECATED_OBJC_IMPLEMENTATIONS = YES;
				CLANG_WARN_DIRECT_OBJC_ISA_USAGE = YES_ERROR;
				CLANG_WARN_DOCUMENTATION_COMMENTS = YES;
				CLANG_WARN_EMPTY_BODY = YES;
				CLANG_WARN_ENUM_CONVERSION = YES;
				CLANG_WARN_INFINITE_RECURSION = YES;
				CLANG_WARN_INT_CONVERSION = YES;
				CLANG_WARN_NON_LITERAL_NULL_CONVERSION = YES;
				CLANG_WARN_OBJC_IMPLICIT_RETAIN_SELF = YES;
				CLANG_WARN_OBJC_LITERAL_CONVERSION = YES;
				CLANG_WARN_OBJC_ROOT_CLASS = YES_ERROR;
				CLANG_WARN_QUOTED_INCLUDE_IN_FRAMEWORK_HEADER = YES;
				CLANG_WARN_RANGE_LOOP_ANALYSIS = YES;
				CLANG_WARN_STRICT_PROTOTYPES = YES;
				CLANG_WARN_SUSPICIOUS_MOVE = YES;
				CLANG_WARN_UNGUARDED_AVAILABILITY = YES_AGGRESSIVE;
				CLANG_WARN_UNREACHABLE_CODE = YES;
				CLANG_WARN__DUPLICATE_METHOD_MATCH = YES;
				COPY_PHASE_STRIP = NO;
				DEBUG_INFORMATION_FORMAT = dwarf;
				ENABLE_STRICT_OBJC_MSGSEND = YES;
				ENABLE_TESTABILITY = YES;
				GCC_C_LANGUAGE_STANDARD = gnu11;
				GCC_DYNAMIC_NO_PIC = NO;
				GCC_NO_COMMON_BLOCKS = YES;
				GCC_OPTIMIZATION_LEVEL = 0;
				GCC_PREPROCESSOR_DEFINITIONS = (
					"DEBUG=1",
					"$(inherited)",
				);
				GCC_WARN_64_TO_32_BIT_CONVERSION = YES;
				GCC_WARN_ABOUT_RETURN_TYPE = YES_ERROR;
				GCC_WARN_UNDECLARED_SELECTOR = YES;
				GCC_WARN_UNINITIALIZED_AUTOS = YES_AGGRESSIVE;
				GCC_WARN_UNUSED_FUNCTION = YES;
				GCC_WARN_UNUSED_VARIABLE = YES;
				IPHONEOS_DEPLOYMENT_TARGET = 16.2;
				MTL_ENABLE_DEBUG_INFO = INCLUDE_SOURCE;
				MTL_FAST_MATH = YES;
				ONLY_ACTIVE_ARCH = YES;
				SDKROOT = iphoneos;
				SWIFT_ACTIVE_COMPILATION_CONDITIONS = DEBUG;
				SWIFT_OPTIMIZATION_LEVEL = "-Onone";
			};
			name = Debug;
		};
		3523AB4D2982D1B700320053 /* Release */ = {
			isa = XCBuildConfiguration;
			buildSettings = {
				ALWAYS_SEARCH_USER_PATHS = NO;
				CLANG_ANALYZER_NONNULL = YES;
				CLANG_ANALYZER_NUMBER_OBJECT_CONVERSION = YES_AGGRESSIVE;
				CLANG_CXX_LANGUAGE_STANDARD = "gnu++20";
				CLANG_ENABLE_MODULES = YES;
				CLANG_ENABLE_OBJC_ARC = YES;
				CLANG_ENABLE_OBJC_WEAK = YES;
				CLANG_WARN_BLOCK_CAPTURE_AUTORELEASING = YES;
				CLANG_WARN_BOOL_CONVERSION = YES;
				CLANG_WARN_COMMA = YES;
				CLANG_WARN_CONSTANT_CONVERSION = YES;
				CLANG_WARN_DEPRECATED_OBJC_IMPLEMENTATIONS = YES;
				CLANG_WARN_DIRECT_OBJC_ISA_USAGE = YES_ERROR;
				CLANG_WARN_DOCUMENTATION_COMMENTS = YES;
				CLANG_WARN_EMPTY_BODY = YES;
				CLANG_WARN_ENUM_CONVERSION = YES;
				CLANG_WARN_INFINITE_RECURSION = YES;
				CLANG_WARN_INT_CONVERSION = YES;
				CLANG_WARN_NON_LITERAL_NULL_CONVERSION = YES;
				CLANG_WARN_OBJC_IMPLICIT_RETAIN_SELF = YES;
				CLANG_WARN_OBJC_LITERAL_CONVERSION = YES;
				CLANG_WARN_OBJC_ROOT_CLASS = YES_ERROR;
				CLANG_WARN_QUOTED_INCLUDE_IN_FRAMEWORK_HEADER = YES;
				CLANG_WARN_RANGE_LOOP_ANALYSIS = YES;
				CLANG_WARN_STRICT_PROTOTYPES = YES;
				CLANG_WARN_SUSPICIOUS_MOVE = YES;
				CLANG_WARN_UNGUARDED_AVAILABILITY = YES_AGGRESSIVE;
				CLANG_WARN_UNREACHABLE_CODE = YES;
				CLANG_WARN__DUPLICATE_METHOD_MATCH = YES;
				COPY_PHASE_STRIP = NO;
				DEBUG_INFORMATION_FORMAT = "dwarf-with-dsym";
				ENABLE_NS_ASSERTIONS = NO;
				ENABLE_STRICT_OBJC_MSGSEND = YES;
				GCC_C_LANGUAGE_STANDARD = gnu11;
				GCC_NO_COMMON_BLOCKS = YES;
				GCC_WARN_64_TO_32_BIT_CONVERSION = YES;
				GCC_WARN_ABOUT_RETURN_TYPE = YES_ERROR;
				GCC_WARN_UNDECLARED_SELECTOR = YES;
				GCC_WARN_UNINITIALIZED_AUTOS = YES_AGGRESSIVE;
				GCC_WARN_UNUSED_FUNCTION = YES;
				GCC_WARN_UNUSED_VARIABLE = YES;
				IPHONEOS_DEPLOYMENT_TARGET = 16.2;
				MTL_ENABLE_DEBUG_INFO = NO;
				MTL_FAST_MATH = YES;
				SDKROOT = iphoneos;
				SWIFT_COMPILATION_MODE = wholemodule;
				SWIFT_OPTIMIZATION_LEVEL = "-O";
				VALIDATE_PRODUCT = YES;
			};
			name = Release;
		};
		3523AB4F2982D1B700320053 /* Debug */ = {
			isa = XCBuildConfiguration;
			buildSettings = {
				ASSETCATALOG_COMPILER_APPICON_NAME = AppIcon;
				ASSETCATALOG_COMPILER_GLOBAL_ACCENT_COLOR_NAME = AccentColor;
				CODE_SIGN_STYLE = Automatic;
				CURRENT_PROJECT_VERSION = 1;
				DEVELOPMENT_TEAM = 734G6V9GXJ;
				GENERATE_INFOPLIST_FILE = YES;
				INFOPLIST_FILE = RickAndMorty/Info.plist;
				INFOPLIST_KEY_UIApplicationSupportsIndirectInputEvents = YES;
				INFOPLIST_KEY_UILaunchStoryboardName = LaunchScreen;
				INFOPLIST_KEY_UISupportedInterfaceOrientations_iPad = "UIInterfaceOrientationPortrait UIInterfaceOrientationPortraitUpsideDown UIInterfaceOrientationLandscapeLeft UIInterfaceOrientationLandscapeRight";
				INFOPLIST_KEY_UISupportedInterfaceOrientations_iPhone = "UIInterfaceOrientationPortrait UIInterfaceOrientationLandscapeLeft UIInterfaceOrientationLandscapeRight";
				LD_RUNPATH_SEARCH_PATHS = (
					"$(inherited)",
					"@executable_path/Frameworks",
				);
				MARKETING_VERSION = 1.0;
				PRODUCT_BUNDLE_IDENTIFIER = com.rumenguin.RickAndMorty;
				PRODUCT_NAME = "$(TARGET_NAME)";
				SWIFT_EMIT_LOC_STRINGS = YES;
				SWIFT_VERSION = 5.0;
				TARGETED_DEVICE_FAMILY = "1,2";
			};
			name = Debug;
		};
		3523AB502982D1B700320053 /* Release */ = {
			isa = XCBuildConfiguration;
			buildSettings = {
				ASSETCATALOG_COMPILER_APPICON_NAME = AppIcon;
				ASSETCATALOG_COMPILER_GLOBAL_ACCENT_COLOR_NAME = AccentColor;
				CODE_SIGN_STYLE = Automatic;
				CURRENT_PROJECT_VERSION = 1;
				DEVELOPMENT_TEAM = 734G6V9GXJ;
				GENERATE_INFOPLIST_FILE = YES;
				INFOPLIST_FILE = RickAndMorty/Info.plist;
				INFOPLIST_KEY_UIApplicationSupportsIndirectInputEvents = YES;
				INFOPLIST_KEY_UILaunchStoryboardName = LaunchScreen;
				INFOPLIST_KEY_UISupportedInterfaceOrientations_iPad = "UIInterfaceOrientationPortrait UIInterfaceOrientationPortraitUpsideDown UIInterfaceOrientationLandscapeLeft UIInterfaceOrientationLandscapeRight";
				INFOPLIST_KEY_UISupportedInterfaceOrientations_iPhone = "UIInterfaceOrientationPortrait UIInterfaceOrientationLandscapeLeft UIInterfaceOrientationLandscapeRight";
				LD_RUNPATH_SEARCH_PATHS = (
					"$(inherited)",
					"@executable_path/Frameworks",
				);
				MARKETING_VERSION = 1.0;
				PRODUCT_BUNDLE_IDENTIFIER = com.rumenguin.RickAndMorty;
				PRODUCT_NAME = "$(TARGET_NAME)";
				SWIFT_EMIT_LOC_STRINGS = YES;
				SWIFT_VERSION = 5.0;
				TARGETED_DEVICE_FAMILY = "1,2";
			};
			name = Release;
		};
/* End XCBuildConfiguration section */

/* Begin XCConfigurationList section */
		3523AB352982D1B500320053 /* Build configuration list for PBXProject "RickAndMorty" */ = {
			isa = XCConfigurationList;
			buildConfigurations = (
				3523AB4C2982D1B700320053 /* Debug */,
				3523AB4D2982D1B700320053 /* Release */,
			);
			defaultConfigurationIsVisible = 0;
			defaultConfigurationName = Release;
		};
		3523AB4E2982D1B700320053 /* Build configuration list for PBXNativeTarget "RickAndMorty" */ = {
			isa = XCConfigurationList;
			buildConfigurations = (
				3523AB4F2982D1B700320053 /* Debug */,
				3523AB502982D1B700320053 /* Release */,
			);
			defaultConfigurationIsVisible = 0;
			defaultConfigurationName = Release;
		};
/* End XCConfigurationList section */
	};
	rootObject = 3523AB322982D1B500320053 /* Project object */;
}
