// !$*UTF8*$!
{
	archiveVersion = 1;
	classes = {
	};
	objectVersion = 56;
	objects = {

/* Begin PBXBuildFile section */
		3506490629A1518B00DB0381 /* RMEpisodeDetailViewController.swift in Sources */ = {isa = PBXBuildFile; fileRef = 3506490529A1518B00DB0381 /* RMEpisodeDetailViewController.swift */; };
		3523AB3E2982D1B500320053 /* AppDelegate.swift in Sources */ = {isa = PBXBuildFile; fileRef = 3523AB3D2982D1B500320053 /* AppDelegate.swift */; };
		3523AB402982D1B500320053 /* SceneDelegate.swift in Sources */ = {isa = PBXBuildFile; fileRef = 3523AB3F2982D1B500320053 /* SceneDelegate.swift */; };
		3523AB422982D1B500320053 /* RMTabBarController.swift in Sources */ = {isa = PBXBuildFile; fileRef = 3523AB412982D1B500320053 /* RMTabBarController.swift */; };
		3523AB472982D1B700320053 /* Assets.xcassets in Resources */ = {isa = PBXBuildFile; fileRef = 3523AB462982D1B700320053 /* Assets.xcassets */; };
		3523AB4A2982D1B700320053 /* LaunchScreen.storyboard in Resources */ = {isa = PBXBuildFile; fileRef = 3523AB482982D1B700320053 /* LaunchScreen.storyboard */; };
		3523AB592982D47B00320053 /* RMLocation.swift in Sources */ = {isa = PBXBuildFile; fileRef = 3523AB582982D47A00320053 /* RMLocation.swift */; };
		3523AB5B2982D48F00320053 /* RMCharacter.swift in Sources */ = {isa = PBXBuildFile; fileRef = 3523AB5A2982D48F00320053 /* RMCharacter.swift */; };
		3523AB5D2982D49800320053 /* RMEpisode.swift in Sources */ = {isa = PBXBuildFile; fileRef = 3523AB5C2982D49800320053 /* RMEpisode.swift */; };
		3523AB602982D57D00320053 /* RMCharacterViewController.swift in Sources */ = {isa = PBXBuildFile; fileRef = 3523AB5F2982D57D00320053 /* RMCharacterViewController.swift */; };
		3523AB622982D59800320053 /* RMLocationViewController.swift in Sources */ = {isa = PBXBuildFile; fileRef = 3523AB612982D59800320053 /* RMLocationViewController.swift */; };
		3523AB652982D5BF00320053 /* RMSettingsViewController.swift in Sources */ = {isa = PBXBuildFile; fileRef = 3523AB642982D5BF00320053 /* RMSettingsViewController.swift */; };
		3523AB672982D5D100320053 /* RMEpisodeViewController.swift in Sources */ = {isa = PBXBuildFile; fileRef = 3523AB662982D5D100320053 /* RMEpisodeViewController.swift */; };
		353443AC299FD41B00C24973 /* RMImageLoader.swift in Sources */ = {isa = PBXBuildFile; fileRef = 353443AB299FD41B00C24973 /* RMImageLoader.swift */; };
		35722C6D29A291E400A144D3 /* RMLocationView.swift in Sources */ = {isa = PBXBuildFile; fileRef = 35722C6C29A291E400A144D3 /* RMLocationView.swift */; };
		35722C6F29A295A600A144D3 /* RMLocationViewViewModel.swift in Sources */ = {isa = PBXBuildFile; fileRef = 35722C6E29A295A600A144D3 /* RMLocationViewViewModel.swift */; };
		35722C7129A29A9A00A144D3 /* RMGetAllLocationsResponse.swift in Sources */ = {isa = PBXBuildFile; fileRef = 35722C7029A29A9A00A144D3 /* RMGetAllLocationsResponse.swift */; };
		35722C7329A29C1000A144D3 /* RMLocationTableViewCell.swift in Sources */ = {isa = PBXBuildFile; fileRef = 35722C7229A29C1000A144D3 /* RMLocationTableViewCell.swift */; };
		35722C7629A29CE900A144D3 /* RMLocationTableViewCellViewModel.swift in Sources */ = {isa = PBXBuildFile; fileRef = 35722C7529A29CE900A144D3 /* RMLocationTableViewCellViewModel.swift */; };
		357CAF5329A0BAB9009DAAFB /* RMCharacterPhotoCollectionViewCell.swift in Sources */ = {isa = PBXBuildFile; fileRef = 357CAF5229A0BAB9009DAAFB /* RMCharacterPhotoCollectionViewCell.swift */; };
		357CAF5529A0BAD0009DAAFB /* RMCharacterInfoCollectionViewCell.swift in Sources */ = {isa = PBXBuildFile; fileRef = 357CAF5429A0BAD0009DAAFB /* RMCharacterInfoCollectionViewCell.swift */; };
		357CAF5729A0BAF1009DAAFB /* RMCharacterEpisodeCollectionViewCell.swift in Sources */ = {isa = PBXBuildFile; fileRef = 357CAF5629A0BAF1009DAAFB /* RMCharacterEpisodeCollectionViewCell.swift */; };
		357CAF5A29A0BB59009DAAFB /* RMCharacterPhotoCollectionViewCellViewModel.swift in Sources */ = {isa = PBXBuildFile; fileRef = 357CAF5929A0BB59009DAAFB /* RMCharacterPhotoCollectionViewCellViewModel.swift */; };
		357CAF5C29A0BB6D009DAAFB /* RMCharacterInfoCollectionViewCellViewModel.swift in Sources */ = {isa = PBXBuildFile; fileRef = 357CAF5B29A0BB6D009DAAFB /* RMCharacterInfoCollectionViewCellViewModel.swift */; };
		357CAF5E29A0BB93009DAAFB /* RMCharacterEpisodeCollectionViewCellViewModel.swift in Sources */ = {isa = PBXBuildFile; fileRef = 357CAF5D29A0BB93009DAAFB /* RMCharacterEpisodeCollectionViewCellViewModel.swift */; };
		359C175F29A1DF0F00D8C968 /* RMAPICacheManager.swift in Sources */ = {isa = PBXBuildFile; fileRef = 359C175E29A1DF0F00D8C968 /* RMAPICacheManager.swift */; };
		359C176129A1E54A00D8C968 /* RMEpisodeDetailViewViewModel.swift in Sources */ = {isa = PBXBuildFile; fileRef = 359C176029A1E54A00D8C968 /* RMEpisodeDetailViewViewModel.swift */; };
		359C176329A1E5C200D8C968 /* RMEpisodeDetailView.swift in Sources */ = {isa = PBXBuildFile; fileRef = 359C176229A1E5C200D8C968 /* RMEpisodeDetailView.swift */; };
		359C176629A1E8FB00D8C968 /* RMEpisodeListView.swift in Sources */ = {isa = PBXBuildFile; fileRef = 359C176529A1E8FB00D8C968 /* RMEpisodeListView.swift */; };
		359C176829A1EBFB00D8C968 /* RMEpisodeListViewViewModel.swift in Sources */ = {isa = PBXBuildFile; fileRef = 359C176729A1EBFB00D8C968 /* RMEpisodeListViewViewModel.swift */; };
		359C176A29A1F09D00D8C968 /* RMGetAllEpisodesResponse.swift in Sources */ = {isa = PBXBuildFile; fileRef = 359C176929A1F09D00D8C968 /* RMGetAllEpisodesResponse.swift */; };
		359C176C29A206BB00D8C968 /* RMSearchViewController.swift in Sources */ = {isa = PBXBuildFile; fileRef = 359C176B29A206BB00D8C968 /* RMSearchViewController.swift */; };
		359C176F29A23A3700D8C968 /* RMEpisodeInfoCollectionCell.swift in Sources */ = {isa = PBXBuildFile; fileRef = 359C176E29A23A3700D8C968 /* RMEpisodeInfoCollectionCell.swift */; };
		359C177229A23A8200D8C968 /* RMEpisodeInfoCollectionCellViewModel.swift in Sources */ = {isa = PBXBuildFile; fileRef = 359C177129A23A8200D8C968 /* RMEpisodeInfoCollectionCellViewModel.swift */; };
		359C177529A25A1B00D8C968 /* RMSettingsViewViewModel.swift in Sources */ = {isa = PBXBuildFile; fileRef = 359C177429A25A1B00D8C968 /* RMSettingsViewViewModel.swift */; };
		359C177729A25A9C00D8C968 /* RMSettingsCellViewModel.swift in Sources */ = {isa = PBXBuildFile; fileRef = 359C177629A25A9C00D8C968 /* RMSettingsCellViewModel.swift */; };
		359C177929A25D7600D8C968 /* RMSettingsOption.swift in Sources */ = {isa = PBXBuildFile; fileRef = 359C177829A25D7600D8C968 /* RMSettingsOption.swift */; };
		359C177C29A26D1B00D8C968 /* RMSettingsView.swift in Sources */ = {isa = PBXBuildFile; fileRef = 359C177B29A26D1B00D8C968 /* RMSettingsView.swift */; };
		35ABF1EE2983960C009A5334 /* RMService.swift in Sources */ = {isa = PBXBuildFile; fileRef = 35ABF1ED2983960C009A5334 /* RMService.swift */; };
		35ABF1F029839620009A5334 /* RMRequest.swift in Sources */ = {isa = PBXBuildFile; fileRef = 35ABF1EF29839620009A5334 /* RMRequest.swift */; };
		35ABF1F229839637009A5334 /* RMEndPoint.swift in Sources */ = {isa = PBXBuildFile; fileRef = 35ABF1F129839637009A5334 /* RMEndPoint.swift */; };
		35ABF1F429839E0F009A5334 /* RMOrigin.swift in Sources */ = {isa = PBXBuildFile; fileRef = 35ABF1F329839E0E009A5334 /* RMOrigin.swift */; };
		35ABF1F629839EAA009A5334 /* RMSingleLocation.swift in Sources */ = {isa = PBXBuildFile; fileRef = 35ABF1F529839EAA009A5334 /* RMSingleLocation.swift */; };
		35ABF1F82983A37D009A5334 /* RMCharacterStatus.swift in Sources */ = {isa = PBXBuildFile; fileRef = 35ABF1F72983A37D009A5334 /* RMCharacterStatus.swift */; };
		35ABF1FA2983A3B2009A5334 /* RMCharacterGender.swift in Sources */ = {isa = PBXBuildFile; fileRef = 35ABF1F92983A3B2009A5334 /* RMCharacterGender.swift */; };
		35ABF1FE2983BCB5009A5334 /* RMGetAllCharactersResponse.swift in Sources */ = {isa = PBXBuildFile; fileRef = 35ABF1FD2983BCB5009A5334 /* RMGetAllCharactersResponse.swift */; };
		35ABF2002984037F009A5334 /* RMCharacterListViewViewModel.swift in Sources */ = {isa = PBXBuildFile; fileRef = 35ABF1FF2984037F009A5334 /* RMCharacterListViewViewModel.swift */; };
		35ABF20229840418009A5334 /* RMCharacterListView.swift in Sources */ = {isa = PBXBuildFile; fileRef = 35ABF20129840418009A5334 /* RMCharacterListView.swift */; };
		35ABF20429840913009A5334 /* Extensions.swift in Sources */ = {isa = PBXBuildFile; fileRef = 35ABF20329840913009A5334 /* Extensions.swift */; };
		35ABF206298415DF009A5334 /* RMCharacterCollectionViewCell.swift in Sources */ = {isa = PBXBuildFile; fileRef = 35ABF205298415DF009A5334 /* RMCharacterCollectionViewCell.swift */; };
		35ABF208298417A3009A5334 /* RMCharacterCollectionViewCellViewModel.swift in Sources */ = {isa = PBXBuildFile; fileRef = 35ABF207298417A3009A5334 /* RMCharacterCollectionViewCellViewModel.swift */; };
		35CF907A299BB3EE00FD6C46 /* RMCharacterDetailViewController.swift in Sources */ = {isa = PBXBuildFile; fileRef = 35CF9079299BB3EE00FD6C46 /* RMCharacterDetailViewController.swift */; };
		35CF907C299BB4E400FD6C46 /* RMCharacterDetailView.swift in Sources */ = {isa = PBXBuildFile; fileRef = 35CF907B299BB4E400FD6C46 /* RMCharacterDetailView.swift */; };
		35CF907E299BB50B00FD6C46 /* RMCharacterDetailViewViewModel.swift in Sources */ = {isa = PBXBuildFile; fileRef = 35CF907D299BB50B00FD6C46 /* RMCharacterDetailViewViewModel.swift */; };
		35CF9080299BC1A600FD6C46 /* RMFooterLoadingCollectionReusableView.swift in Sources */ = {isa = PBXBuildFile; fileRef = 35CF907F299BC1A600FD6C46 /* RMFooterLoadingCollectionReusableView.swift */; };
/* End PBXBuildFile section */

/* Begin PBXFileReference section */
		3506490529A1518B00DB0381 /* RMEpisodeDetailViewController.swift */ = {isa = PBXFileReference; lastKnownFileType = sourcecode.swift; path = RMEpisodeDetailViewController.swift; sourceTree = "<group>"; };
		3523AB3A2982D1B500320053 /* RickAndMorty.app */ = {isa = PBXFileReference; explicitFileType = wrapper.application; includeInIndex = 0; path = RickAndMorty.app; sourceTree = BUILT_PRODUCTS_DIR; };
		3523AB3D2982D1B500320053 /* AppDelegate.swift */ = {isa = PBXFileReference; lastKnownFileType = sourcecode.swift; path = AppDelegate.swift; sourceTree = "<group>"; };
		3523AB3F2982D1B500320053 /* SceneDelegate.swift */ = {isa = PBXFileReference; lastKnownFileType = sourcecode.swift; path = SceneDelegate.swift; sourceTree = "<group>"; };
		3523AB412982D1B500320053 /* RMTabBarController.swift */ = {isa = PBXFileReference; lastKnownFileType = sourcecode.swift; path = RMTabBarController.swift; sourceTree = "<group>"; };
		3523AB462982D1B700320053 /* Assets.xcassets */ = {isa = PBXFileReference; lastKnownFileType = folder.assetcatalog; path = Assets.xcassets; sourceTree = "<group>"; };
		3523AB492982D1B700320053 /* Base */ = {isa = PBXFileReference; lastKnownFileType = file.storyboard; name = Base; path = Base.lproj/LaunchScreen.storyboard; sourceTree = "<group>"; };
		3523AB4B2982D1B700320053 /* Info.plist */ = {isa = PBXFileReference; lastKnownFileType = text.plist.xml; path = Info.plist; sourceTree = "<group>"; };
		3523AB582982D47A00320053 /* RMLocation.swift */ = {isa = PBXFileReference; lastKnownFileType = sourcecode.swift; path = RMLocation.swift; sourceTree = "<group>"; };
		3523AB5A2982D48F00320053 /* RMCharacter.swift */ = {isa = PBXFileReference; lastKnownFileType = sourcecode.swift; path = RMCharacter.swift; sourceTree = "<group>"; };
		3523AB5C2982D49800320053 /* RMEpisode.swift */ = {isa = PBXFileReference; lastKnownFileType = sourcecode.swift; path = RMEpisode.swift; sourceTree = "<group>"; };
		3523AB5F2982D57D00320053 /* RMCharacterViewController.swift */ = {isa = PBXFileReference; lastKnownFileType = sourcecode.swift; path = RMCharacterViewController.swift; sourceTree = "<group>"; };
		3523AB612982D59800320053 /* RMLocationViewController.swift */ = {isa = PBXFileReference; lastKnownFileType = sourcecode.swift; path = RMLocationViewController.swift; sourceTree = "<group>"; };
		3523AB642982D5BF00320053 /* RMSettingsViewController.swift */ = {isa = PBXFileReference; lastKnownFileType = sourcecode.swift; path = RMSettingsViewController.swift; sourceTree = "<group>"; };
		3523AB662982D5D100320053 /* RMEpisodeViewController.swift */ = {isa = PBXFileReference; lastKnownFileType = sourcecode.swift; path = RMEpisodeViewController.swift; sourceTree = "<group>"; };
		353443AB299FD41B00C24973 /* RMImageLoader.swift */ = {isa = PBXFileReference; lastKnownFileType = sourcecode.swift; path = RMImageLoader.swift; sourceTree = "<group>"; };
		35722C6C29A291E400A144D3 /* RMLocationView.swift */ = {isa = PBXFileReference; lastKnownFileType = sourcecode.swift; path = RMLocationView.swift; sourceTree = "<group>"; };
		35722C6E29A295A600A144D3 /* RMLocationViewViewModel.swift */ = {isa = PBXFileReference; lastKnownFileType = sourcecode.swift; path = RMLocationViewViewModel.swift; sourceTree = "<group>"; };
		35722C7029A29A9A00A144D3 /* RMGetAllLocationsResponse.swift */ = {isa = PBXFileReference; lastKnownFileType = sourcecode.swift; path = RMGetAllLocationsResponse.swift; sourceTree = "<group>"; };
		35722C7229A29C1000A144D3 /* RMLocationTableViewCell.swift */ = {isa = PBXFileReference; lastKnownFileType = sourcecode.swift; path = RMLocationTableViewCell.swift; sourceTree = "<group>"; };
		35722C7529A29CE900A144D3 /* RMLocationTableViewCellViewModel.swift */ = {isa = PBXFileReference; lastKnownFileType = sourcecode.swift; path = RMLocationTableViewCellViewModel.swift; sourceTree = "<group>"; };
		357CAF5229A0BAB9009DAAFB /* RMCharacterPhotoCollectionViewCell.swift */ = {isa = PBXFileReference; lastKnownFileType = sourcecode.swift; path = RMCharacterPhotoCollectionViewCell.swift; sourceTree = "<group>"; };
		357CAF5429A0BAD0009DAAFB /* RMCharacterInfoCollectionViewCell.swift */ = {isa = PBXFileReference; lastKnownFileType = sourcecode.swift; path = RMCharacterInfoCollectionViewCell.swift; sourceTree = "<group>"; };
		357CAF5629A0BAF1009DAAFB /* RMCharacterEpisodeCollectionViewCell.swift */ = {isa = PBXFileReference; lastKnownFileType = sourcecode.swift; path = RMCharacterEpisodeCollectionViewCell.swift; sourceTree = "<group>"; };
		357CAF5929A0BB59009DAAFB /* RMCharacterPhotoCollectionViewCellViewModel.swift */ = {isa = PBXFileReference; lastKnownFileType = sourcecode.swift; path = RMCharacterPhotoCollectionViewCellViewModel.swift; sourceTree = "<group>"; };
		357CAF5B29A0BB6D009DAAFB /* RMCharacterInfoCollectionViewCellViewModel.swift */ = {isa = PBXFileReference; lastKnownFileType = sourcecode.swift; path = RMCharacterInfoCollectionViewCellViewModel.swift; sourceTree = "<group>"; };
		357CAF5D29A0BB93009DAAFB /* RMCharacterEpisodeCollectionViewCellViewModel.swift */ = {isa = PBXFileReference; lastKnownFileType = sourcecode.swift; path = RMCharacterEpisodeCollectionViewCellViewModel.swift; sourceTree = "<group>"; };
		359C175E29A1DF0F00D8C968 /* RMAPICacheManager.swift */ = {isa = PBXFileReference; lastKnownFileType = sourcecode.swift; path = RMAPICacheManager.swift; sourceTree = "<group>"; };
		359C176029A1E54A00D8C968 /* RMEpisodeDetailViewViewModel.swift */ = {isa = PBXFileReference; lastKnownFileType = sourcecode.swift; path = RMEpisodeDetailViewViewModel.swift; sourceTree = "<group>"; };
		359C176229A1E5C200D8C968 /* RMEpisodeDetailView.swift */ = {isa = PBXFileReference; lastKnownFileType = sourcecode.swift; path = RMEpisodeDetailView.swift; sourceTree = "<group>"; };
		359C176529A1E8FB00D8C968 /* RMEpisodeListView.swift */ = {isa = PBXFileReference; lastKnownFileType = sourcecode.swift; path = RMEpisodeListView.swift; sourceTree = "<group>"; };
		359C176729A1EBFB00D8C968 /* RMEpisodeListViewViewModel.swift */ = {isa = PBXFileReference; lastKnownFileType = sourcecode.swift; path = RMEpisodeListViewViewModel.swift; sourceTree = "<group>"; };
		359C176929A1F09D00D8C968 /* RMGetAllEpisodesResponse.swift */ = {isa = PBXFileReference; lastKnownFileType = sourcecode.swift; path = RMGetAllEpisodesResponse.swift; sourceTree = "<group>"; };
		359C176B29A206BB00D8C968 /* RMSearchViewController.swift */ = {isa = PBXFileReference; lastKnownFileType = sourcecode.swift; path = RMSearchViewController.swift; sourceTree = "<group>"; };
		359C176E29A23A3700D8C968 /* RMEpisodeInfoCollectionCell.swift */ = {isa = PBXFileReference; lastKnownFileType = sourcecode.swift; path = RMEpisodeInfoCollectionCell.swift; sourceTree = "<group>"; };
		359C177129A23A8200D8C968 /* RMEpisodeInfoCollectionCellViewModel.swift */ = {isa = PBXFileReference; lastKnownFileType = sourcecode.swift; path = RMEpisodeInfoCollectionCellViewModel.swift; sourceTree = "<group>"; };
		359C177429A25A1B00D8C968 /* RMSettingsViewViewModel.swift */ = {isa = PBXFileReference; lastKnownFileType = sourcecode.swift; path = RMSettingsViewViewModel.swift; sourceTree = "<group>"; };
		359C177629A25A9C00D8C968 /* RMSettingsCellViewModel.swift */ = {isa = PBXFileReference; lastKnownFileType = sourcecode.swift; path = RMSettingsCellViewModel.swift; sourceTree = "<group>"; };
		359C177829A25D7600D8C968 /* RMSettingsOption.swift */ = {isa = PBXFileReference; lastKnownFileType = sourcecode.swift; path = RMSettingsOption.swift; sourceTree = "<group>"; };
		359C177B29A26D1B00D8C968 /* RMSettingsView.swift */ = {isa = PBXFileReference; lastKnownFileType = sourcecode.swift; path = RMSettingsView.swift; sourceTree = "<group>"; };
		35ABF1ED2983960C009A5334 /* RMService.swift */ = {isa = PBXFileReference; lastKnownFileType = sourcecode.swift; path = RMService.swift; sourceTree = "<group>"; };
		35ABF1EF29839620009A5334 /* RMRequest.swift */ = {isa = PBXFileReference; lastKnownFileType = sourcecode.swift; path = RMRequest.swift; sourceTree = "<group>"; };
		35ABF1F129839637009A5334 /* RMEndPoint.swift */ = {isa = PBXFileReference; lastKnownFileType = sourcecode.swift; path = RMEndPoint.swift; sourceTree = "<group>"; };
		35ABF1F329839E0E009A5334 /* RMOrigin.swift */ = {isa = PBXFileReference; lastKnownFileType = sourcecode.swift; path = RMOrigin.swift; sourceTree = "<group>"; };
		35ABF1F529839EAA009A5334 /* RMSingleLocation.swift */ = {isa = PBXFileReference; lastKnownFileType = sourcecode.swift; path = RMSingleLocation.swift; sourceTree = "<group>"; };
		35ABF1F72983A37D009A5334 /* RMCharacterStatus.swift */ = {isa = PBXFileReference; lastKnownFileType = sourcecode.swift; path = RMCharacterStatus.swift; sourceTree = "<group>"; };
		35ABF1F92983A3B2009A5334 /* RMCharacterGender.swift */ = {isa = PBXFileReference; lastKnownFileType = sourcecode.swift; path = RMCharacterGender.swift; sourceTree = "<group>"; };
		35ABF1FD2983BCB5009A5334 /* RMGetAllCharactersResponse.swift */ = {isa = PBXFileReference; lastKnownFileType = sourcecode.swift; path = RMGetAllCharactersResponse.swift; sourceTree = "<group>"; };
		35ABF1FF2984037F009A5334 /* RMCharacterListViewViewModel.swift */ = {isa = PBXFileReference; lastKnownFileType = sourcecode.swift; path = RMCharacterListViewViewModel.swift; sourceTree = "<group>"; };
		35ABF20129840418009A5334 /* RMCharacterListView.swift */ = {isa = PBXFileReference; lastKnownFileType = sourcecode.swift; path = RMCharacterListView.swift; sourceTree = "<group>"; };
		35ABF20329840913009A5334 /* Extensions.swift */ = {isa = PBXFileReference; lastKnownFileType = sourcecode.swift; path = Extensions.swift; sourceTree = "<group>"; };
		35ABF205298415DF009A5334 /* RMCharacterCollectionViewCell.swift */ = {isa = PBXFileReference; lastKnownFileType = sourcecode.swift; path = RMCharacterCollectionViewCell.swift; sourceTree = "<group>"; };
		35ABF207298417A3009A5334 /* RMCharacterCollectionViewCellViewModel.swift */ = {isa = PBXFileReference; lastKnownFileType = sourcecode.swift; path = RMCharacterCollectionViewCellViewModel.swift; sourceTree = "<group>"; };
		35CF9079299BB3EE00FD6C46 /* RMCharacterDetailViewController.swift */ = {isa = PBXFileReference; lastKnownFileType = sourcecode.swift; path = RMCharacterDetailViewController.swift; sourceTree = "<group>"; };
		35CF907B299BB4E400FD6C46 /* RMCharacterDetailView.swift */ = {isa = PBXFileReference; lastKnownFileType = sourcecode.swift; path = RMCharacterDetailView.swift; sourceTree = "<group>"; };
		35CF907D299BB50B00FD6C46 /* RMCharacterDetailViewViewModel.swift */ = {isa = PBXFileReference; lastKnownFileType = sourcecode.swift; path = RMCharacterDetailViewViewModel.swift; sourceTree = "<group>"; };
		35CF907F299BC1A600FD6C46 /* RMFooterLoadingCollectionReusableView.swift */ = {isa = PBXFileReference; lastKnownFileType = sourcecode.swift; path = RMFooterLoadingCollectionReusableView.swift; sourceTree = "<group>"; };
/* End PBXFileReference section */

/* Begin PBXFrameworksBuildPhase section */
		3523AB372982D1B500320053 /* Frameworks */ = {
			isa = PBXFrameworksBuildPhase;
			buildActionMask = 2147483647;
			files = (
			);
			runOnlyForDeploymentPostprocessing = 0;
		};
/* End PBXFrameworksBuildPhase section */

/* Begin PBXGroup section */
		3523AB312982D1B500320053 = {
			isa = PBXGroup;
			children = (
				3523AB3C2982D1B500320053 /* RickAndMorty */,
				3523AB3B2982D1B500320053 /* Products */,
			);
			sourceTree = "<group>";
		};
		3523AB3B2982D1B500320053 /* Products */ = {
			isa = PBXGroup;
			children = (
				3523AB3A2982D1B500320053 /* RickAndMorty.app */,
			);
			name = Products;
			sourceTree = "<group>";
		};
		3523AB3C2982D1B500320053 /* RickAndMorty */ = {
			isa = PBXGroup;
			children = (
				3523AB572982D3AD00320053 /* Resources */,
				3523AB562982D3A400320053 /* Managers */,
				3523AB552982D39A00320053 /* APIClient */,
				3523AB522982D38400320053 /* Models */,
				3523AB542982D39100320053 /* ViewModels */,
				3523AB532982D38D00320053 /* Views */,
				3523AB512982D37E00320053 /* Controllers */,
				3523AB4B2982D1B700320053 /* Info.plist */,
			);
			path = RickAndMorty;
			sourceTree = "<group>";
		};
		3523AB512982D37E00320053 /* Controllers */ = {
			isa = PBXGroup;
			children = (
				35CF9078299BB3BB00FD6C46 /* Other */,
				3523AB5E2982D53F00320053 /* Core */,
			);
			path = Controllers;
			sourceTree = "<group>";
		};
		3523AB522982D38400320053 /* Models */ = {
			isa = PBXGroup;
			children = (
				35ABF1FC2983BC62009A5334 /* APIResponseTypes */,
				35ABF1FB2983BC45009A5334 /* DataTypes */,
			);
			path = Models;
			sourceTree = "<group>";
		};
		3523AB532982D38D00320053 /* Views */ = {
			isa = PBXGroup;
			children = (
				35722C6B29A291B500A144D3 /* Location */,
				359C177A29A26D0D00D8C968 /* SwiftUI */,
				359C176D29A239D800D8C968 /* EpisodeDetails */,
				359C176429A1E8DF00D8C968 /* Episode */,
				357CAF5029A0BA4E009DAAFB /* CharacterDetails */,
				357CAF5129A0BA79009DAAFB /* Character */,
				35CF907F299BC1A600FD6C46 /* RMFooterLoadingCollectionReusableView.swift */,
			);
			path = Views;
			sourceTree = "<group>";
		};
		3523AB542982D39100320053 /* ViewModels */ = {
			isa = PBXGroup;
			children = (
				35722C7429A29CD500A144D3 /* Locations */,
				359C177329A259FE00D8C968 /* Settings */,
				359C177029A23A5500D8C968 /* EpisodeDetails */,
				357CAF5829A0BB0D009DAAFB /* CharacterDetails */,
				35ABF1FF2984037F009A5334 /* RMCharacterListViewViewModel.swift */,
				35ABF207298417A3009A5334 /* RMCharacterCollectionViewCellViewModel.swift */,
				359C176729A1EBFB00D8C968 /* RMEpisodeListViewViewModel.swift */,
			);
			path = ViewModels;
			sourceTree = "<group>";
		};
		3523AB552982D39A00320053 /* APIClient */ = {
			isa = PBXGroup;
			children = (
				35ABF1ED2983960C009A5334 /* RMService.swift */,
				35ABF1EF29839620009A5334 /* RMRequest.swift */,
				35ABF1F129839637009A5334 /* RMEndPoint.swift */,
			);
			path = APIClient;
			sourceTree = "<group>";
		};
		3523AB562982D3A400320053 /* Managers */ = {
			isa = PBXGroup;
			children = (
				353443AB299FD41B00C24973 /* RMImageLoader.swift */,
				359C175E29A1DF0F00D8C968 /* RMAPICacheManager.swift */,
			);
			path = Managers;
			sourceTree = "<group>";
		};
		3523AB572982D3AD00320053 /* Resources */ = {
			isa = PBXGroup;
			children = (
				3523AB462982D1B700320053 /* Assets.xcassets */,
				3523AB482982D1B700320053 /* LaunchScreen.storyboard */,
				3523AB3D2982D1B500320053 /* AppDelegate.swift */,
				3523AB3F2982D1B500320053 /* SceneDelegate.swift */,
				35ABF20329840913009A5334 /* Extensions.swift */,
			);
			path = Resources;
			sourceTree = "<group>";
		};
		3523AB5E2982D53F00320053 /* Core */ = {
			isa = PBXGroup;
			children = (
				3523AB412982D1B500320053 /* RMTabBarController.swift */,
				3523AB5F2982D57D00320053 /* RMCharacterViewController.swift */,
				3523AB612982D59800320053 /* RMLocationViewController.swift */,
				3523AB662982D5D100320053 /* RMEpisodeViewController.swift */,
				3523AB642982D5BF00320053 /* RMSettingsViewController.swift */,
			);
			path = Core;
			sourceTree = "<group>";
		};
		35722C6B29A291B500A144D3 /* Location */ = {
			isa = PBXGroup;
			children = (
				35722C6C29A291E400A144D3 /* RMLocationView.swift */,
				35722C7229A29C1000A144D3 /* RMLocationTableViewCell.swift */,
			);
			path = Location;
			sourceTree = "<group>";
		};
		35722C7429A29CD500A144D3 /* Locations */ = {
			isa = PBXGroup;
			children = (
				35722C6E29A295A600A144D3 /* RMLocationViewViewModel.swift */,
				35722C7529A29CE900A144D3 /* RMLocationTableViewCellViewModel.swift */,
			);
			path = Locations;
			sourceTree = "<group>";
		};
		357CAF5029A0BA4E009DAAFB /* CharacterDetails */ = {
			isa = PBXGroup;
			children = (
				35CF907B299BB4E400FD6C46 /* RMCharacterDetailView.swift */,
				357CAF5229A0BAB9009DAAFB /* RMCharacterPhotoCollectionViewCell.swift */,
				357CAF5429A0BAD0009DAAFB /* RMCharacterInfoCollectionViewCell.swift */,
				357CAF5629A0BAF1009DAAFB /* RMCharacterEpisodeCollectionViewCell.swift */,
			);
			path = CharacterDetails;
			sourceTree = "<group>";
		};
		357CAF5129A0BA79009DAAFB /* Character */ = {
			isa = PBXGroup;
			children = (
				35ABF20129840418009A5334 /* RMCharacterListView.swift */,
				35ABF205298415DF009A5334 /* RMCharacterCollectionViewCell.swift */,
			);
			path = Character;
			sourceTree = "<group>";
		};
		357CAF5829A0BB0D009DAAFB /* CharacterDetails */ = {
			isa = PBXGroup;
			children = (
				35CF907D299BB50B00FD6C46 /* RMCharacterDetailViewViewModel.swift */,
				357CAF5929A0BB59009DAAFB /* RMCharacterPhotoCollectionViewCellViewModel.swift */,
				357CAF5B29A0BB6D009DAAFB /* RMCharacterInfoCollectionViewCellViewModel.swift */,
				357CAF5D29A0BB93009DAAFB /* RMCharacterEpisodeCollectionViewCellViewModel.swift */,
			);
			path = CharacterDetails;
			sourceTree = "<group>";
		};
		359C176429A1E8DF00D8C968 /* Episode */ = {
			isa = PBXGroup;
			children = (
				359C176529A1E8FB00D8C968 /* RMEpisodeListView.swift */,
			);
			path = Episode;
			sourceTree = "<group>";
		};
		359C176D29A239D800D8C968 /* EpisodeDetails */ = {
			isa = PBXGroup;
			children = (
				359C176229A1E5C200D8C968 /* RMEpisodeDetailView.swift */,
				359C176E29A23A3700D8C968 /* RMEpisodeInfoCollectionCell.swift */,
			);
			path = EpisodeDetails;
			sourceTree = "<group>";
		};
		359C177029A23A5500D8C968 /* EpisodeDetails */ = {
			isa = PBXGroup;
			children = (
				359C176029A1E54A00D8C968 /* RMEpisodeDetailViewViewModel.swift */,
				359C177129A23A8200D8C968 /* RMEpisodeInfoCollectionCellViewModel.swift */,
			);
			path = EpisodeDetails;
			sourceTree = "<group>";
		};
		359C177329A259FE00D8C968 /* Settings */ = {
			isa = PBXGroup;
			children = (
				359C177429A25A1B00D8C968 /* RMSettingsViewViewModel.swift */,
				359C177629A25A9C00D8C968 /* RMSettingsCellViewModel.swift */,
				359C177829A25D7600D8C968 /* RMSettingsOption.swift */,
			);
			path = Settings;
			sourceTree = "<group>";
		};
		359C177A29A26D0D00D8C968 /* SwiftUI */ = {
			isa = PBXGroup;
			children = (
				359C177B29A26D1B00D8C968 /* RMSettingsView.swift */,
			);
			path = SwiftUI;
			sourceTree = "<group>";
		};
		35ABF1FB2983BC45009A5334 /* DataTypes */ = {
			isa = PBXGroup;
			children = (
				3523AB582982D47A00320053 /* RMLocation.swift */,
				3523AB5A2982D48F00320053 /* RMCharacter.swift */,
				3523AB5C2982D49800320053 /* RMEpisode.swift */,
				35ABF1F329839E0E009A5334 /* RMOrigin.swift */,
				35ABF1F529839EAA009A5334 /* RMSingleLocation.swift */,
				35ABF1F72983A37D009A5334 /* RMCharacterStatus.swift */,
				35ABF1F92983A3B2009A5334 /* RMCharacterGender.swift */,
			);
			path = DataTypes;
			sourceTree = "<group>";
		};
		35ABF1FC2983BC62009A5334 /* APIResponseTypes */ = {
			isa = PBXGroup;
			children = (
				35ABF1FD2983BCB5009A5334 /* RMGetAllCharactersResponse.swift */,
				359C176929A1F09D00D8C968 /* RMGetAllEpisodesResponse.swift */,
				35722C7029A29A9A00A144D3 /* RMGetAllLocationsResponse.swift */,
			);
			path = APIResponseTypes;
			sourceTree = "<group>";
		};
		35CF9078299BB3BB00FD6C46 /* Other */ = {
			isa = PBXGroup;
			children = (
				35CF9079299BB3EE00FD6C46 /* RMCharacterDetailViewController.swift */,
				3506490529A1518B00DB0381 /* RMEpisodeDetailViewController.swift */,
				359C176B29A206BB00D8C968 /* RMSearchViewController.swift */,
			);
			path = Other;
			sourceTree = "<group>";
		};
/* End PBXGroup section */

/* Begin PBXNativeTarget section */
		3523AB392982D1B500320053 /* RickAndMorty */ = {
			isa = PBXNativeTarget;
			buildConfigurationList = 3523AB4E2982D1B700320053 /* Build configuration list for PBXNativeTarget "RickAndMorty" */;
			buildPhases = (
				3523AB362982D1B500320053 /* Sources */,
				3523AB372982D1B500320053 /* Frameworks */,
				3523AB382982D1B500320053 /* Resources */,
			);
			buildRules = (
			);
			dependencies = (
			);
			name = RickAndMorty;
			productName = RickAndMorty;
			productReference = 3523AB3A2982D1B500320053 /* RickAndMorty.app */;
			productType = "com.apple.product-type.application";
		};
/* End PBXNativeTarget section */

/* Begin PBXProject section */
		3523AB322982D1B500320053 /* Project object */ = {
			isa = PBXProject;
			attributes = {
				BuildIndependentTargetsInParallel = 1;
				LastSwiftUpdateCheck = 1420;
				LastUpgradeCheck = 1420;
				TargetAttributes = {
					3523AB392982D1B500320053 = {
						CreatedOnToolsVersion = 14.2;
					};
				};
			};
			buildConfigurationList = 3523AB352982D1B500320053 /* Build configuration list for PBXProject "RickAndMorty" */;
			compatibilityVersion = "Xcode 14.0";
			developmentRegion = en;
			hasScannedForEncodings = 0;
			knownRegions = (
				en,
				Base,
			);
			mainGroup = 3523AB312982D1B500320053;
			productRefGroup = 3523AB3B2982D1B500320053 /* Products */;
			projectDirPath = "";
			projectRoot = "";
			targets = (
				3523AB392982D1B500320053 /* RickAndMorty */,
			);
		};
/* End PBXProject section */

/* Begin PBXResourcesBuildPhase section */
		3523AB382982D1B500320053 /* Resources */ = {
			isa = PBXResourcesBuildPhase;
			buildActionMask = 2147483647;
			files = (
				3523AB4A2982D1B700320053 /* LaunchScreen.storyboard in Resources */,
				3523AB472982D1B700320053 /* Assets.xcassets in Resources */,
			);
			runOnlyForDeploymentPostprocessing = 0;
		};
/* End PBXResourcesBuildPhase section */

/* Begin PBXSourcesBuildPhase section */
		3523AB362982D1B500320053 /* Sources */ = {
			isa = PBXSourcesBuildPhase;
			buildActionMask = 2147483647;
			files = (
				359C176F29A23A3700D8C968 /* RMEpisodeInfoCollectionCell.swift in Sources */,
				35ABF1F429839E0F009A5334 /* RMOrigin.swift in Sources */,
				35CF907E299BB50B00FD6C46 /* RMCharacterDetailViewViewModel.swift in Sources */,
				35ABF1F629839EAA009A5334 /* RMSingleLocation.swift in Sources */,
				359C176C29A206BB00D8C968 /* RMSearchViewController.swift in Sources */,
				35ABF20229840418009A5334 /* RMCharacterListView.swift in Sources */,
				35ABF1FE2983BCB5009A5334 /* RMGetAllCharactersResponse.swift in Sources */,
				35ABF1F82983A37D009A5334 /* RMCharacterStatus.swift in Sources */,
				35ABF1FA2983A3B2009A5334 /* RMCharacterGender.swift in Sources */,
				359C177229A23A8200D8C968 /* RMEpisodeInfoCollectionCellViewModel.swift in Sources */,
				35CF907A299BB3EE00FD6C46 /* RMCharacterDetailViewController.swift in Sources */,
				35CF9080299BC1A600FD6C46 /* RMFooterLoadingCollectionReusableView.swift in Sources */,
				359C176629A1E8FB00D8C968 /* RMEpisodeListView.swift in Sources */,
				3523AB652982D5BF00320053 /* RMSettingsViewController.swift in Sources */,
				359C177529A25A1B00D8C968 /* RMSettingsViewViewModel.swift in Sources */,
				35722C7329A29C1000A144D3 /* RMLocationTableViewCell.swift in Sources */,
				3523AB622982D59800320053 /* RMLocationViewController.swift in Sources */,
				357CAF5529A0BAD0009DAAFB /* RMCharacterInfoCollectionViewCell.swift in Sources */,
				3523AB5D2982D49800320053 /* RMEpisode.swift in Sources */,
				359C177929A25D7600D8C968 /* RMSettingsOption.swift in Sources */,
				35ABF206298415DF009A5334 /* RMCharacterCollectionViewCell.swift in Sources */,
				357CAF5C29A0BB6D009DAAFB /* RMCharacterInfoCollectionViewCellViewModel.swift in Sources */,
				3523AB672982D5D100320053 /* RMEpisodeViewController.swift in Sources */,
				353443AC299FD41B00C24973 /* RMImageLoader.swift in Sources */,
				3523AB422982D1B500320053 /* RMTabBarController.swift in Sources */,
				3523AB3E2982D1B500320053 /* AppDelegate.swift in Sources */,
				359C177729A25A9C00D8C968 /* RMSettingsCellViewModel.swift in Sources */,
				359C177C29A26D1B00D8C968 /* RMSettingsView.swift in Sources */,
				357CAF5329A0BAB9009DAAFB /* RMCharacterPhotoCollectionViewCell.swift in Sources */,
				357CAF5E29A0BB93009DAAFB /* RMCharacterEpisodeCollectionViewCellViewModel.swift in Sources */,
				3523AB402982D1B500320053 /* SceneDelegate.swift in Sources */,
				35ABF20429840913009A5334 /* Extensions.swift in Sources */,
				35722C7129A29A9A00A144D3 /* RMGetAllLocationsResponse.swift in Sources */,
				357CAF5A29A0BB59009DAAFB /* RMCharacterPhotoCollectionViewCellViewModel.swift in Sources */,
				35ABF1F229839637009A5334 /* RMEndPoint.swift in Sources */,
				35ABF1EE2983960C009A5334 /* RMService.swift in Sources */,
				3523AB592982D47B00320053 /* RMLocation.swift in Sources */,
				35722C7629A29CE900A144D3 /* RMLocationTableViewCellViewModel.swift in Sources */,
				3506490629A1518B00DB0381 /* RMEpisodeDetailViewController.swift in Sources */,
				359C176329A1E5C200D8C968 /* RMEpisodeDetailView.swift in Sources */,
				3523AB5B2982D48F00320053 /* RMCharacter.swift in Sources */,
				35ABF208298417A3009A5334 /* RMCharacterCollectionViewCellViewModel.swift in Sources */,
				35ABF1F029839620009A5334 /* RMRequest.swift in Sources */,
				35ABF2002984037F009A5334 /* RMCharacterListViewViewModel.swift in Sources */,
				35722C6D29A291E400A144D3 /* RMLocationView.swift in Sources */,
				357CAF5729A0BAF1009DAAFB /* RMCharacterEpisodeCollectionViewCell.swift in Sources */,
				3523AB602982D57D00320053 /* RMCharacterViewController.swift in Sources */,
				359C176829A1EBFB00D8C968 /* RMEpisodeListViewViewModel.swift in Sources */,
				359C175F29A1DF0F00D8C968 /* RMAPICacheManager.swift in Sources */,
				359C176A29A1F09D00D8C968 /* RMGetAllEpisodesResponse.swift in Sources */,
				359C176129A1E54A00D8C968 /* RMEpisodeDetailViewViewModel.swift in Sources */,
				35CF907C299BB4E400FD6C46 /* RMCharacterDetailView.swift in Sources */,
				35722C6F29A295A600A144D3 /* RMLocationViewViewModel.swift in Sources */,
			);
			runOnlyForDeploymentPostprocessing = 0;
		};
/* End PBXSourcesBuildPhase section */

/* Begin PBXVariantGroup section */
		3523AB482982D1B700320053 /* LaunchScreen.storyboard */ = {
			isa = PBXVariantGroup;
			children = (
				3523AB492982D1B700320053 /* Base */,
			);
			name = LaunchScreen.storyboard;
			sourceTree = "<group>";
		};
/* End PBXVariantGroup section */

/* Begin XCBuildConfiguration section */
		3523AB4C2982D1B700320053 /* Debug */ = {
			isa = XCBuildConfiguration;
			buildSettings = {
				ALWAYS_SEARCH_USER_PATHS = NO;
				CLANG_ANALYZER_NONNULL = YES;
				CLANG_ANALYZER_NUMBER_OBJECT_CONVERSION = YES_AGGRESSIVE;
				CLANG_CXX_LANGUAGE_STANDARD = "gnu++20";
				CLANG_ENABLE_MODULES = YES;
				CLANG_ENABLE_OBJC_ARC = YES;
				CLANG_ENABLE_OBJC_WEAK = YES;
				CLANG_WARN_BLOCK_CAPTURE_AUTORELEASING = YES;
				CLANG_WARN_BOOL_CONVERSION = YES;
				CLANG_WARN_COMMA = YES;
				CLANG_WARN_CONSTANT_CONVERSION = YES;
				CLANG_WARN_DEPRECATED_OBJC_IMPLEMENTATIONS = YES;
				CLANG_WARN_DIRECT_OBJC_ISA_USAGE = YES_ERROR;
				CLANG_WARN_DOCUMENTATION_COMMENTS = YES;
				CLANG_WARN_EMPTY_BODY = YES;
				CLANG_WARN_ENUM_CONVERSION = YES;
				CLANG_WARN_INFINITE_RECURSION = YES;
				CLANG_WARN_INT_CONVERSION = YES;
				CLANG_WARN_NON_LITERAL_NULL_CONVERSION = YES;
				CLANG_WARN_OBJC_IMPLICIT_RETAIN_SELF = YES;
				CLANG_WARN_OBJC_LITERAL_CONVERSION = YES;
				CLANG_WARN_OBJC_ROOT_CLASS = YES_ERROR;
				CLANG_WARN_QUOTED_INCLUDE_IN_FRAMEWORK_HEADER = YES;
				CLANG_WARN_RANGE_LOOP_ANALYSIS = YES;
				CLANG_WARN_STRICT_PROTOTYPES = YES;
				CLANG_WARN_SUSPICIOUS_MOVE = YES;
				CLANG_WARN_UNGUARDED_AVAILABILITY = YES_AGGRESSIVE;
				CLANG_WARN_UNREACHABLE_CODE = YES;
				CLANG_WARN__DUPLICATE_METHOD_MATCH = YES;
				COPY_PHASE_STRIP = NO;
				DEBUG_INFORMATION_FORMAT = dwarf;
				ENABLE_STRICT_OBJC_MSGSEND = YES;
				ENABLE_TESTABILITY = YES;
				GCC_C_LANGUAGE_STANDARD = gnu11;
				GCC_DYNAMIC_NO_PIC = NO;
				GCC_NO_COMMON_BLOCKS = YES;
				GCC_OPTIMIZATION_LEVEL = 0;
				GCC_PREPROCESSOR_DEFINITIONS = (
					"DEBUG=1",
					"$(inherited)",
				);
				GCC_WARN_64_TO_32_BIT_CONVERSION = YES;
				GCC_WARN_ABOUT_RETURN_TYPE = YES_ERROR;
				GCC_WARN_UNDECLARED_SELECTOR = YES;
				GCC_WARN_UNINITIALIZED_AUTOS = YES_AGGRESSIVE;
				GCC_WARN_UNUSED_FUNCTION = YES;
				GCC_WARN_UNUSED_VARIABLE = YES;
				IPHONEOS_DEPLOYMENT_TARGET = 16.2;
				MTL_ENABLE_DEBUG_INFO = INCLUDE_SOURCE;
				MTL_FAST_MATH = YES;
				ONLY_ACTIVE_ARCH = YES;
				SDKROOT = iphoneos;
				SWIFT_ACTIVE_COMPILATION_CONDITIONS = DEBUG;
				SWIFT_OPTIMIZATION_LEVEL = "-Onone";
			};
			name = Debug;
		};
		3523AB4D2982D1B700320053 /* Release */ = {
			isa = XCBuildConfiguration;
			buildSettings = {
				ALWAYS_SEARCH_USER_PATHS = NO;
				CLANG_ANALYZER_NONNULL = YES;
				CLANG_ANALYZER_NUMBER_OBJECT_CONVERSION = YES_AGGRESSIVE;
				CLANG_CXX_LANGUAGE_STANDARD = "gnu++20";
				CLANG_ENABLE_MODULES = YES;
				CLANG_ENABLE_OBJC_ARC = YES;
				CLANG_ENABLE_OBJC_WEAK = YES;
				CLANG_WARN_BLOCK_CAPTURE_AUTORELEASING = YES;
				CLANG_WARN_BOOL_CONVERSION = YES;
				CLANG_WARN_COMMA = YES;
				CLANG_WARN_CONSTANT_CONVERSION = YES;
				CLANG_WARN_DEPRECATED_OBJC_IMPLEMENTATIONS = YES;
				CLANG_WARN_DIRECT_OBJC_ISA_USAGE = YES_ERROR;
				CLANG_WARN_DOCUMENTATION_COMMENTS = YES;
				CLANG_WARN_EMPTY_BODY = YES;
				CLANG_WARN_ENUM_CONVERSION = YES;
				CLANG_WARN_INFINITE_RECURSION = YES;
				CLANG_WARN_INT_CONVERSION = YES;
				CLANG_WARN_NON_LITERAL_NULL_CONVERSION = YES;
				CLANG_WARN_OBJC_IMPLICIT_RETAIN_SELF = YES;
				CLANG_WARN_OBJC_LITERAL_CONVERSION = YES;
				CLANG_WARN_OBJC_ROOT_CLASS = YES_ERROR;
				CLANG_WARN_QUOTED_INCLUDE_IN_FRAMEWORK_HEADER = YES;
				CLANG_WARN_RANGE_LOOP_ANALYSIS = YES;
				CLANG_WARN_STRICT_PROTOTYPES = YES;
				CLANG_WARN_SUSPICIOUS_MOVE = YES;
				CLANG_WARN_UNGUARDED_AVAILABILITY = YES_AGGRESSIVE;
				CLANG_WARN_UNREACHABLE_CODE = YES;
				CLANG_WARN__DUPLICATE_METHOD_MATCH = YES;
				COPY_PHASE_STRIP = NO;
				DEBUG_INFORMATION_FORMAT = "dwarf-with-dsym";
				ENABLE_NS_ASSERTIONS = NO;
				ENABLE_STRICT_OBJC_MSGSEND = YES;
				GCC_C_LANGUAGE_STANDARD = gnu11;
				GCC_NO_COMMON_BLOCKS = YES;
				GCC_WARN_64_TO_32_BIT_CONVERSION = YES;
				GCC_WARN_ABOUT_RETURN_TYPE = YES_ERROR;
				GCC_WARN_UNDECLARED_SELECTOR = YES;
				GCC_WARN_UNINITIALIZED_AUTOS = YES_AGGRESSIVE;
				GCC_WARN_UNUSED_FUNCTION = YES;
				GCC_WARN_UNUSED_VARIABLE = YES;
				IPHONEOS_DEPLOYMENT_TARGET = 16.2;
				MTL_ENABLE_DEBUG_INFO = NO;
				MTL_FAST_MATH = YES;
				SDKROOT = iphoneos;
				SWIFT_COMPILATION_MODE = wholemodule;
				SWIFT_OPTIMIZATION_LEVEL = "-O";
				VALIDATE_PRODUCT = YES;
			};
			name = Release;
		};
		3523AB4F2982D1B700320053 /* Debug */ = {
			isa = XCBuildConfiguration;
			buildSettings = {
				ASSETCATALOG_COMPILER_APPICON_NAME = AppIcon;
				ASSETCATALOG_COMPILER_GLOBAL_ACCENT_COLOR_NAME = AccentColor;
				CODE_SIGN_STYLE = Automatic;
				CURRENT_PROJECT_VERSION = 1;
				DEVELOPMENT_TEAM = 734G6V9GXJ;
				GENERATE_INFOPLIST_FILE = YES;
				INFOPLIST_FILE = RickAndMorty/Info.plist;
				INFOPLIST_KEY_CFBundleDisplayName = "Rick & Morty";
				INFOPLIST_KEY_UIApplicationSupportsIndirectInputEvents = YES;
				INFOPLIST_KEY_UILaunchStoryboardName = LaunchScreen;
				INFOPLIST_KEY_UIRequiredDeviceCapabilities = arm64;
				INFOPLIST_KEY_UISupportedInterfaceOrientations = "UIInterfaceOrientationLandscapeLeft UIInterfaceOrientationLandscapeRight UIInterfaceOrientationPortrait";
				IPHONEOS_DEPLOYMENT_TARGET = 16.0;
				LD_RUNPATH_SEARCH_PATHS = (
					"$(inherited)",
					"@executable_path/Frameworks",
				);
				MARKETING_VERSION = 1.0;
				PRODUCT_BUNDLE_IDENTIFIER = com.rumenguin.RickAndMorty;
				PRODUCT_NAME = "$(TARGET_NAME)";
				SUPPORTED_PLATFORMS = "iphoneos iphonesimulator";
				SUPPORTS_MACCATALYST = NO;
				SUPPORTS_MAC_DESIGNED_FOR_IPHONE_IPAD = NO;
				SWIFT_EMIT_LOC_STRINGS = YES;
				SWIFT_VERSION = 5.0;
				TARGETED_DEVICE_FAMILY = "1,2";
			};
			name = Debug;
		};
		3523AB502982D1B700320053 /* Release */ = {
			isa = XCBuildConfiguration;
			buildSettings = {
				ASSETCATALOG_COMPILER_APPICON_NAME = AppIcon;
				ASSETCATALOG_COMPILER_GLOBAL_ACCENT_COLOR_NAME = AccentColor;
				CODE_SIGN_STYLE = Automatic;
				CURRENT_PROJECT_VERSION = 1;
				DEVELOPMENT_TEAM = 734G6V9GXJ;
				GENERATE_INFOPLIST_FILE = YES;
				INFOPLIST_FILE = RickAndMorty/Info.plist;
				INFOPLIST_KEY_CFBundleDisplayName = "Rick & Morty";
				INFOPLIST_KEY_UIApplicationSupportsIndirectInputEvents = YES;
				INFOPLIST_KEY_UILaunchStoryboardName = LaunchScreen;
				INFOPLIST_KEY_UIRequiredDeviceCapabilities = arm64;
				INFOPLIST_KEY_UISupportedInterfaceOrientations = "UIInterfaceOrientationLandscapeLeft UIInterfaceOrientationLandscapeRight UIInterfaceOrientationPortrait";
				IPHONEOS_DEPLOYMENT_TARGET = 16.0;
				LD_RUNPATH_SEARCH_PATHS = (
					"$(inherited)",
					"@executable_path/Frameworks",
				);
				MARKETING_VERSION = 1.0;
				PRODUCT_BUNDLE_IDENTIFIER = com.rumenguin.RickAndMorty;
				PRODUCT_NAME = "$(TARGET_NAME)";
				SUPPORTED_PLATFORMS = "iphoneos iphonesimulator";
				SUPPORTS_MACCATALYST = NO;
				SUPPORTS_MAC_DESIGNED_FOR_IPHONE_IPAD = NO;
				SWIFT_EMIT_LOC_STRINGS = YES;
				SWIFT_VERSION = 5.0;
				TARGETED_DEVICE_FAMILY = "1,2";
			};
			name = Release;
		};
/* End XCBuildConfiguration section */

/* Begin XCConfigurationList section */
		3523AB352982D1B500320053 /* Build configuration list for PBXProject "RickAndMorty" */ = {
			isa = XCConfigurationList;
			buildConfigurations = (
				3523AB4C2982D1B700320053 /* Debug */,
				3523AB4D2982D1B700320053 /* Release */,
			);
			defaultConfigurationIsVisible = 0;
			defaultConfigurationName = Release;
		};
		3523AB4E2982D1B700320053 /* Build configuration list for PBXNativeTarget "RickAndMorty" */ = {
			isa = XCConfigurationList;
			buildConfigurations = (
				3523AB4F2982D1B700320053 /* Debug */,
				3523AB502982D1B700320053 /* Release */,
			);
			defaultConfigurationIsVisible = 0;
			defaultConfigurationName = Release;
		};
/* End XCConfigurationList section */
	};
	rootObject = 3523AB322982D1B500320053 /* Project object */;
}
